
Microsoft Visual Studio Solution File, Format Version 12.00
# Visual Studio Version 16
VisualStudioVersion = 16.0.30225.117
MinimumVisualStudioVersion = 10.0.40219.1
Project("{FAE04EC0-301F-11D3-BF4B-00C04F79EFBC}") = "ArduinoMonitoringWpf_Test", "ArduinoMonitoringWpf_Test.csproj", "{37A01A54-8C82-4BAD-96D0-1EF25AB24F08}"
EndProject
Global
	GlobalSection(SolutionConfigurationPlatforms) = preSolution
		Debug|Any CPU = Debug|Any CPU
		Release|Any CPU = Release|Any CPU
	EndGlobalSection
	GlobalSection(ProjectConfigurationPlatforms) = postSolution
		{37A01A54-8C82-4BAD-96D0-1EF25AB24F08}.Debug|Any CPU.ActiveCfg = Debug|Any CPU
		{37A01A54-8C82-4BAD-96D0-1EF25AB24F08}.Debug|Any CPU.Build.0 = Debug|Any CPU
		{37A01A54-8C82-4BAD-96D0-1EF25AB24F08}.Release|Any CPU.ActiveCfg = Release|Any CPU
		{37A01A54-8C82-4BAD-96D0-1EF25AB24F08}.Release|Any CPU.Build.0 = Release|Any CPU
	EndGlobalSection
	GlobalSection(SolutionProperties) = preSolution
		HideSolutionNode = FALSE
	EndGlobalSection
	GlobalSection(ExtensibilityGlobals) = postSolution
		SolutionGuid = {6050D0CE-3EC6-4EFE-AEF0-C3C50C1D9104}
	EndGlobalSection
EndGlobal
